
Microsoft Visual Studio Solution File, Format Version 12.00
# Visual Studio Version 17
VisualStudioVersion = 17.12.35527.113
MinimumVisualStudioVersion = 10.0.40219.1
Project("{FAE04EC0-301F-11D3-BF4B-00C04F79EFBC}") = "DemoAPIBuoi1", "DemoAPIBuoi1\DemoAPIBuoi1.csproj", "{4F5E224C-D4E7-450C-8781-F2F3C96E7E6B}"
EndProject
Project("{FAE04EC0-301F-11D3-BF4B-00C04F79EFBC}") = "DemoBuoi1WebAPI", "DemoBuoi1WebAPI\DemoBuoi1WebAPI.csproj", "{56051593-488E-4043-B6C5-9FE4C3B78F0D}"
EndProject
Global
	GlobalSection(SolutionConfigurationPlatforms) = preSolution
		Debug|Any CPU = Debug|Any CPU
		Release|Any CPU = Release|Any CPU
	EndGlobalSection
	GlobalSection(ProjectConfigurationPlatforms) = postSolution
		{4F5E224C-D4E7-450C-8781-F2F3C96E7E6B}.Debug|Any CPU.ActiveCfg = Debug|Any CPU
		{4F5E224C-D4E7-450C-8781-F2F3C96E7E6B}.Debug|Any CPU.Build.0 = Debug|Any CPU
		{4F5E224C-D4E7-450C-8781-F2F3C96E7E6B}.Release|Any CPU.ActiveCfg = Release|Any CPU
		{4F5E224C-D4E7-450C-8781-F2F3C96E7E6B}.Release|Any CPU.Build.0 = Release|Any CPU
		{56051593-488E-4043-B6C5-9FE4C3B78F0D}.Debug|Any CPU.ActiveCfg = Debug|Any CPU
		{56051593-488E-4043-B6C5-9FE4C3B78F0D}.Debug|Any CPU.Build.0 = Debug|Any CPU
		{56051593-488E-4043-B6C5-9FE4C3B78F0D}.Release|Any CPU.ActiveCfg = Release|Any CPU
		{56051593-488E-4043-B6C5-9FE4C3B78F0D}.Release|Any CPU.Build.0 = Release|Any CPU
	EndGlobalSection
	GlobalSection(SolutionProperties) = preSolution
		HideSolutionNode = FALSE
	EndGlobalSection
EndGlobal
